
Microsoft Visual Studio Solution File, Format Version 12.00
# Visual Studio Version 16
VisualStudioVersion = 16.0.30503.244
MinimumVisualStudioVersion = 10.0.40219.1
Project("{FAE04EC0-301F-11D3-BF4B-00C04F79EFBC}") = "StoDemoLauncher", "StoDemoLauncher\StoDemoLauncher.csproj", "{43F03D56-50FE-48DD-8ED5-B8249BC758DB}"
EndProject
Global
	GlobalSection(SolutionConfigurationPlatforms) = preSolution
		Debug|Any CPU = Debug|Any CPU
		Release|Any CPU = Release|Any CPU
	EndGlobalSection
	GlobalSection(ProjectConfigurationPlatforms) = postSolution
		{43F03D56-50FE-48DD-8ED5-B8249BC758DB}.Debug|Any CPU.ActiveCfg = Debug|Any CPU
		{43F03D56-50FE-48DD-8ED5-B8249BC758DB}.Debug|Any CPU.Build.0 = Debug|Any CPU
		{43F03D56-50FE-48DD-8ED5-B8249BC758DB}.Release|Any CPU.ActiveCfg = Release|Any CPU
		{43F03D56-50FE-48DD-8ED5-B8249BC758DB}.Release|Any CPU.Build.0 = Release|Any CPU
	EndGlobalSection
	GlobalSection(SolutionProperties) = preSolution
		HideSolutionNode = FALSE
	EndGlobalSection
	GlobalSection(ExtensibilityGlobals) = postSolution
		SolutionGuid = {68A3A54D-AE55-4732-858D-E5E296E54738}
	EndGlobalSection
EndGlobal
